PODS:
  - Alamofire (2.0.2)
  - M13Checkbox (2.1.2)
  - SwiftOpenWeatherMapAPI (0.0.8):
    - Alamofire (~> 2.0)
    - SwiftyJSON (~> 2.3.0)
  - SwiftyJSON (2.3.2)

DEPENDENCIES:
  - M13Checkbox
  - SwiftOpenWeatherMapAPI

SPEC CHECKSUMS:
  Alamofire: 8edbab00802a752bb5240cc2abe70e7e881488ad
  M13Checkbox: fbc53145e3ca8ecd1c444a76439bdc0ddb17b008
  SwiftOpenWeatherMapAPI: 4c9cfafe5de8af623dc7a06d2e8c564295ee7dba
  SwiftyJSON: 04ccea08915aa0109039157c7974cf0298da292a

PODFILE CHECKSUM: 3f7fbee64dd3421a076857c5872febe76de33a39

COCOAPODS: 1.0.1
